{
  "name": "needmanager",
  "version": "0.1.7",
  "lockfileVersion": 1,
  "requires": true,
  "dependencies": {
    "needjs": {
      "version": "0.4.5",
      "resolved": "https://registry.npmjs.org/needjs/-/needjs-0.4.5.tgz",
      "integrity": "sha512-2OgHP1KnP3yMScqIhIBlstWknG1OvkIL9kqbAcGgDsRaKKI/5wizKLjTPztp8LyKxfCyBLld0FTzC1tes3KGLA=="
    }
  }
}
