{
  "name": "needmanager",
  "version": "0.1.8",
  "lockfileVersion": 1,
  "requires": true,
  "dependencies": {
    "needjs": {
      "version": "0.4.11",
      "resolved": "https://registry.npmjs.org/needjs/-/needjs-0.4.11.tgz",
      "integrity": "sha512-N3bEf+wQHMpAGnyBag2QO6YDZggMt6tiB9f3hsXY5W6UuP+9dPdDu+i/1aNAaNsew3T21RXq1E0fjJ58bwMVLA=="
    }
  }
}
